// !$*UTF8*$!
{
	archiveVersion = 1;
	classes = {
	};
	objectVersion = 50;
	objects = {

/* Begin PBXBuildFile section */
		11EA62C4E973412EAA35EA8F /* Pods_InterAppDemo.framework in Frameworks */ = {isa = PBXBuildFile; fileRef = 4851715C10BA809FF4AAD4B2 /* Pods_InterAppDemo.framework */; };
		15086DCD23B0E85A006E6724 /* InterAppSaleViewController.swift in Sources */ = {isa = PBXBuildFile; fileRef = 15086DCC23B0E85A006E6724 /* InterAppSaleViewController.swift */; };
		15A8BBF423A8E54A000B2731 /* AppDelegate.swift in Sources */ = {isa = PBXBuildFile; fileRef = 15A8BBF323A8E54A000B2731 /* AppDelegate.swift */; };
		15A8BBFA23A8E54C000B2731 /* Assets.xcassets in Resources */ = {isa = PBXBuildFile; fileRef = 15A8BBF923A8E54C000B2731 /* Assets.xcassets */; };
		15A8BC0023A8E54C000B2731 /* LaunchScreen.storyboard in Resources */ = {isa = PBXBuildFile; fileRef = 15A8BBFE23A8E54C000B2731 /* LaunchScreen.storyboard */; };
		15A8BC0823A8E76E000B2731 /* Main.storyboard in Resources */ = {isa = PBXBuildFile; fileRef = 15A8BC0723A8E76E000B2731 /* Main.storyboard */; };
		233D37DB2858BA0600390280 /* ReprintTransactionViewController.swift in Sources */ = {isa = PBXBuildFile; fileRef = 233D37DA2858BA0600390280 /* ReprintTransactionViewController.swift */; };
		233D37DE2858BA3300390280 /* ReprintTransactionView.swift in Sources */ = {isa = PBXBuildFile; fileRef = 233D37DD2858BA3300390280 /* ReprintTransactionView.swift */; };
		233D37E02858BA6800390280 /* ReprintTransactionViewModel.swift in Sources */ = {isa = PBXBuildFile; fileRef = 233D37DF2858BA6800390280 /* ReprintTransactionViewModel.swift */; };
		234449A527DBA7DC00660FA4 /* ActivationPOSViewController.swift in Sources */ = {isa = PBXBuildFile; fileRef = 234449A427DBA7DC00660FA4 /* ActivationPOSViewController.swift */; };
		234449A827DBA8AF00660FA4 /* ActivationPOSView.swift in Sources */ = {isa = PBXBuildFile; fileRef = 234449A727DBA8AF00660FA4 /* ActivationPOSView.swift */; };
		234449AA27DBA96300660FA4 /* VCExtension.swift in Sources */ = {isa = PBXBuildFile; fileRef = 234449A927DBA96300660FA4 /* VCExtension.swift */; };
		236D975627DF9D050023C83F /* ViewExtension.swift in Sources */ = {isa = PBXBuildFile; fileRef = 236D975527DF9D050023C83F /* ViewExtension.swift */; };
		236D975827DF9D2A0023C83F /* ActivationPOSViewModel.swift in Sources */ = {isa = PBXBuildFile; fileRef = 236D975727DF9D2A0023C83F /* ActivationPOSViewModel.swift */; };
		23F125C127F73B560094876E /* CustomRequestViewController.swift in Sources */ = {isa = PBXBuildFile; fileRef = 23F125C027F73B560094876E /* CustomRequestViewController.swift */; };
		23F125C427F73BBE0094876E /* CustomRequestView.swift in Sources */ = {isa = PBXBuildFile; fileRef = 23F125C327F73BBE0094876E /* CustomRequestView.swift */; };
		23F125C627F73E680094876E /* CustomRequestViewModel.swift in Sources */ = {isa = PBXBuildFile; fileRef = 23F125C527F73E670094876E /* CustomRequestViewModel.swift */; };
		287252802603610E001B8C0D /* exportOptionsUAT.plist in Resources */ = {isa = PBXBuildFile; fileRef = 2872527F2603610E001B8C0D /* exportOptionsUAT.plist */; };
		B112EACD2407C73B0064BFF0 /* InterAppResponse.swift in Sources */ = {isa = PBXBuildFile; fileRef = B112EACC2407C73B0064BFF0 /* InterAppResponse.swift */; };
		B112EACF2407D45A0064BFF0 /* Extensions.swift in Sources */ = {isa = PBXBuildFile; fileRef = B112EACE2407D45A0064BFF0 /* Extensions.swift */; };
		B1299E8324DAD7B300432561 /* SettingsViewController.swift in Sources */ = {isa = PBXBuildFile; fileRef = B1299E8224DAD7B300432561 /* SettingsViewController.swift */; };
		B13FD8E123D6F1920046FB52 /* ReceiptViewController.swift in Sources */ = {isa = PBXBuildFile; fileRef = B13FD8E023D6F1920046FB52 /* ReceiptViewController.swift */; };
		B1482D87246D64A2003CF76E /* InterAppCancelViewController.swift in Sources */ = {isa = PBXBuildFile; fileRef = B1482D86246D64A2003CF76E /* InterAppCancelViewController.swift */; };
		B1482D89246D67F6003CF76E /* InterAppTabViewController.swift in Sources */ = {isa = PBXBuildFile; fileRef = B1482D88246D67F6003CF76E /* InterAppTabViewController.swift */; };
		B17C9A9D25ED2957007BB13F /* BatchManagementViewController.swift in Sources */ = {isa = PBXBuildFile; fileRef = B17C9A9C25ED2957007BB13F /* BatchManagementViewController.swift */; };
		B17C9AA125ED2C49007BB13F /* Constants.swift in Sources */ = {isa = PBXBuildFile; fileRef = B17C9AA025ED2C49007BB13F /* Constants.swift */; };
		B1BE13242407ED950072ADE7 /* ReceiptViewModel.swift in Sources */ = {isa = PBXBuildFile; fileRef = B1BE13232407ED950072ADE7 /* ReceiptViewModel.swift */; };
		B1BE1326240806DC0072ADE7 /* DetailsViewController.swift in Sources */ = {isa = PBXBuildFile; fileRef = B1BE1325240806DC0072ADE7 /* DetailsViewController.swift */; };
		B1CE04C02600D88100D3CB6C /* ReceiptOptionsViewController.swift in Sources */ = {isa = PBXBuildFile; fileRef = B1CE04BF2600D88100D3CB6C /* ReceiptOptionsViewController.swift */; };
/* End PBXBuildFile section */

/* Begin PBXFileReference section */
		15086DCC23B0E85A006E6724 /* InterAppSaleViewController.swift */ = {isa = PBXFileReference; lastKnownFileType = sourcecode.swift; path = InterAppSaleViewController.swift; sourceTree = "<group>"; };
		15A8BBF023A8E54A000B2731 /* InterAppDemo.app */ = {isa = PBXFileReference; explicitFileType = wrapper.application; includeInIndex = 0; path = InterAppDemo.app; sourceTree = BUILT_PRODUCTS_DIR; };
		15A8BBF323A8E54A000B2731 /* AppDelegate.swift */ = {isa = PBXFileReference; lastKnownFileType = sourcecode.swift; path = AppDelegate.swift; sourceTree = "<group>"; };
		15A8BBF923A8E54C000B2731 /* Assets.xcassets */ = {isa = PBXFileReference; lastKnownFileType = folder.assetcatalog; path = Assets.xcassets; sourceTree = "<group>"; };
		15A8BBFF23A8E54C000B2731 /* Base */ = {isa = PBXFileReference; lastKnownFileType = file.storyboard; name = Base; path = Base.lproj/LaunchScreen.storyboard; sourceTree = "<group>"; };
		15A8BC0123A8E54C000B2731 /* Info.plist */ = {isa = PBXFileReference; lastKnownFileType = text.plist.xml; path = Info.plist; sourceTree = "<group>"; };
		15A8BC0723A8E76E000B2731 /* Main.storyboard */ = {isa = PBXFileReference; lastKnownFileType = file.storyboard; path = Main.storyboard; sourceTree = "<group>"; };
		185268231DD594C7FDEDBDE6 /* Pods-InterAppDemo.release.xcconfig */ = {isa = PBXFileReference; includeInIndex = 1; lastKnownFileType = text.xcconfig; name = "Pods-InterAppDemo.release.xcconfig"; path = "Target Support Files/Pods-InterAppDemo/Pods-InterAppDemo.release.xcconfig"; sourceTree = "<group>"; };
		233D37DA2858BA0600390280 /* ReprintTransactionViewController.swift */ = {isa = PBXFileReference; lastKnownFileType = sourcecode.swift; path = ReprintTransactionViewController.swift; sourceTree = "<group>"; };
		233D37DD2858BA3300390280 /* ReprintTransactionView.swift */ = {isa = PBXFileReference; lastKnownFileType = sourcecode.swift; path = ReprintTransactionView.swift; sourceTree = "<group>"; };
		233D37DF2858BA6800390280 /* ReprintTransactionViewModel.swift */ = {isa = PBXFileReference; lastKnownFileType = sourcecode.swift; path = ReprintTransactionViewModel.swift; sourceTree = "<group>"; };
		234449A427DBA7DC00660FA4 /* ActivationPOSViewController.swift */ = {isa = PBXFileReference; lastKnownFileType = sourcecode.swift; path = ActivationPOSViewController.swift; sourceTree = "<group>"; };
		234449A727DBA8AF00660FA4 /* ActivationPOSView.swift */ = {isa = PBXFileReference; lastKnownFileType = sourcecode.swift; path = ActivationPOSView.swift; sourceTree = "<group>"; };
		234449A927DBA96300660FA4 /* VCExtension.swift */ = {isa = PBXFileReference; fileEncoding = 4; lastKnownFileType = sourcecode.swift; path = VCExtension.swift; sourceTree = "<group>"; };
		236D975527DF9D050023C83F /* ViewExtension.swift */ = {isa = PBXFileReference; lastKnownFileType = sourcecode.swift; path = ViewExtension.swift; sourceTree = "<group>"; };
		236D975727DF9D2A0023C83F /* ActivationPOSViewModel.swift */ = {isa = PBXFileReference; lastKnownFileType = sourcecode.swift; path = ActivationPOSViewModel.swift; sourceTree = "<group>"; };
		23F125C027F73B560094876E /* CustomRequestViewController.swift */ = {isa = PBXFileReference; lastKnownFileType = sourcecode.swift; path = CustomRequestViewController.swift; sourceTree = "<group>"; };
		23F125C327F73BBE0094876E /* CustomRequestView.swift */ = {isa = PBXFileReference; lastKnownFileType = sourcecode.swift; path = CustomRequestView.swift; sourceTree = "<group>"; };
		23F125C527F73E670094876E /* CustomRequestViewModel.swift */ = {isa = PBXFileReference; lastKnownFileType = sourcecode.swift; path = CustomRequestViewModel.swift; sourceTree = "<group>"; };
		2872527F2603610E001B8C0D /* exportOptionsUAT.plist */ = {isa = PBXFileReference; lastKnownFileType = text.plist.xml; path = exportOptionsUAT.plist; sourceTree = SOURCE_ROOT; };
		4851715C10BA809FF4AAD4B2 /* Pods_InterAppDemo.framework */ = {isa = PBXFileReference; explicitFileType = wrapper.framework; includeInIndex = 0; path = Pods_InterAppDemo.framework; sourceTree = BUILT_PRODUCTS_DIR; };
		97608C0AFF835EB10FE8DB5B /* Pods-InterAppDemo.debug.xcconfig */ = {isa = PBXFileReference; includeInIndex = 1; lastKnownFileType = text.xcconfig; name = "Pods-InterAppDemo.debug.xcconfig"; path = "Target Support Files/Pods-InterAppDemo/Pods-InterAppDemo.debug.xcconfig"; sourceTree = "<group>"; };
		B112EACC2407C73B0064BFF0 /* InterAppResponse.swift */ = {isa = PBXFileReference; lastKnownFileType = sourcecode.swift; path = InterAppResponse.swift; sourceTree = "<group>"; };
		B112EACE2407D45A0064BFF0 /* Extensions.swift */ = {isa = PBXFileReference; lastKnownFileType = sourcecode.swift; path = Extensions.swift; sourceTree = "<group>"; };
		B1299E8224DAD7B300432561 /* SettingsViewController.swift */ = {isa = PBXFileReference; lastKnownFileType = sourcecode.swift; path = SettingsViewController.swift; sourceTree = "<group>"; };
		B13FD8E023D6F1920046FB52 /* ReceiptViewController.swift */ = {isa = PBXFileReference; lastKnownFileType = sourcecode.swift; path = ReceiptViewController.swift; sourceTree = "<group>"; };
		B1482D86246D64A2003CF76E /* InterAppCancelViewController.swift */ = {isa = PBXFileReference; lastKnownFileType = sourcecode.swift; name = InterAppCancelViewController.swift; path = InterAppDemo/InterAppCancelViewController.swift; sourceTree = SOURCE_ROOT; };
		B1482D88246D67F6003CF76E /* InterAppTabViewController.swift */ = {isa = PBXFileReference; lastKnownFileType = sourcecode.swift; path = InterAppTabViewController.swift; sourceTree = "<group>"; };
		B17C9A9C25ED2957007BB13F /* BatchManagementViewController.swift */ = {isa = PBXFileReference; lastKnownFileType = sourcecode.swift; path = BatchManagementViewController.swift; sourceTree = "<group>"; };
		B17C9AA025ED2C49007BB13F /* Constants.swift */ = {isa = PBXFileReference; lastKnownFileType = sourcecode.swift; path = Constants.swift; sourceTree = "<group>"; };
		B1BE13232407ED950072ADE7 /* ReceiptViewModel.swift */ = {isa = PBXFileReference; lastKnownFileType = sourcecode.swift; path = ReceiptViewModel.swift; sourceTree = "<group>"; };
		B1BE1325240806DC0072ADE7 /* DetailsViewController.swift */ = {isa = PBXFileReference; lastKnownFileType = sourcecode.swift; path = DetailsViewController.swift; sourceTree = "<group>"; };
		B1CE04BF2600D88100D3CB6C /* ReceiptOptionsViewController.swift */ = {isa = PBXFileReference; lastKnownFileType = sourcecode.swift; path = ReceiptOptionsViewController.swift; sourceTree = "<group>"; };
/* End PBXFileReference section */

/* Begin PBXFrameworksBuildPhase section */
		15A8BBED23A8E54A000B2731 /* Frameworks */ = {
			isa = PBXFrameworksBuildPhase;
			buildActionMask = 2147483647;
			files = (
				11EA62C4E973412EAA35EA8F /* Pods_InterAppDemo.framework in Frameworks */,
			);
			runOnlyForDeploymentPostprocessing = 0;
		};
/* End PBXFrameworksBuildPhase section */

/* Begin PBXGroup section */
		15A8BBE723A8E54A000B2731 = {
			isa = PBXGroup;
			children = (
				2872527F2603610E001B8C0D /* exportOptionsUAT.plist */,
				15A8BBF223A8E54A000B2731 /* InterAppDemo */,
				15A8BBF123A8E54A000B2731 /* Products */,
				23EC61D4BBAEE0F9B536E664 /* Pods */,
				22E94EA0BCF5557BE9338D59 /* Frameworks */,
			);
			sourceTree = "<group>";
		};
		15A8BBF123A8E54A000B2731 /* Products */ = {
			isa = PBXGroup;
			children = (
				15A8BBF023A8E54A000B2731 /* InterAppDemo.app */,
			);
			name = Products;
			sourceTree = "<group>";
		};
		15A8BBF223A8E54A000B2731 /* InterAppDemo */ = {
			isa = PBXGroup;
			children = (
				234449A927DBA96300660FA4 /* VCExtension.swift */,
				236D975527DF9D050023C83F /* ViewExtension.swift */,
				B17C9A9F25ED2C39007BB13F /* Constants */,
				15A8BBF323A8E54A000B2731 /* AppDelegate.swift */,
				15A8BBF923A8E54C000B2731 /* Assets.xcassets */,
				15A8BBFE23A8E54C000B2731 /* LaunchScreen.storyboard */,
				15A8BC0123A8E54C000B2731 /* Info.plist */,
				B1BE132A24080FA30072ADE7 /* Views */,
				B1BE132924080F990072ADE7 /* ViewModels */,
				B1BE132824080F8C0072ADE7 /* Models */,
				B1BE132724080F7B0072ADE7 /* Extensions */,
			);
			path = InterAppDemo;
			sourceTree = "<group>";
		};
		22E94EA0BCF5557BE9338D59 /* Frameworks */ = {
			isa = PBXGroup;
			children = (
				4851715C10BA809FF4AAD4B2 /* Pods_InterAppDemo.framework */,
			);
			name = Frameworks;
			sourceTree = "<group>";
		};
		233D37DC2858BA1300390280 /* ReprintTransaction */ = {
			isa = PBXGroup;
			children = (
				233D37DA2858BA0600390280 /* ReprintTransactionViewController.swift */,
				233D37DD2858BA3300390280 /* ReprintTransactionView.swift */,
				233D37DF2858BA6800390280 /* ReprintTransactionViewModel.swift */,
			);
			path = ReprintTransaction;
			sourceTree = "<group>";
		};
		234449A627DBA89400660FA4 /* Activation POS */ = {
			isa = PBXGroup;
			children = (
				234449A427DBA7DC00660FA4 /* ActivationPOSViewController.swift */,
				234449A727DBA8AF00660FA4 /* ActivationPOSView.swift */,
				236D975727DF9D2A0023C83F /* ActivationPOSViewModel.swift */,
			);
			path = "Activation POS";
			sourceTree = "<group>";
		};
		23EC61D4BBAEE0F9B536E664 /* Pods */ = {
			isa = PBXGroup;
			children = (
				97608C0AFF835EB10FE8DB5B /* Pods-InterAppDemo.debug.xcconfig */,
				185268231DD594C7FDEDBDE6 /* Pods-InterAppDemo.release.xcconfig */,
			);
			path = Pods;
			sourceTree = "<group>";
		};
		23F125C227F73B950094876E /* CustomRequest */ = {
			isa = PBXGroup;
			children = (
				23F125C027F73B560094876E /* CustomRequestViewController.swift */,
				23F125C327F73BBE0094876E /* CustomRequestView.swift */,
				23F125C527F73E670094876E /* CustomRequestViewModel.swift */,
			);
			path = CustomRequest;
			sourceTree = "<group>";
		};
		B17C9A9F25ED2C39007BB13F /* Constants */ = {
			isa = PBXGroup;
			children = (
				B17C9AA025ED2C49007BB13F /* Constants.swift */,
			);
			path = Constants;
			sourceTree = "<group>";
		};
		B1BE132724080F7B0072ADE7 /* Extensions */ = {
			isa = PBXGroup;
			children = (
				B112EACE2407D45A0064BFF0 /* Extensions.swift */,
			);
			path = Extensions;
			sourceTree = "<group>";
		};
		B1BE132824080F8C0072ADE7 /* Models */ = {
			isa = PBXGroup;
			children = (
				B112EACC2407C73B0064BFF0 /* InterAppResponse.swift */,
			);
			path = Models;
			sourceTree = "<group>";
		};
		B1BE132924080F990072ADE7 /* ViewModels */ = {
			isa = PBXGroup;
			children = (
				B1BE13232407ED950072ADE7 /* ReceiptViewModel.swift */,
			);
			path = ViewModels;
			sourceTree = "<group>";
		};
		B1BE132A24080FA30072ADE7 /* Views */ = {
			isa = PBXGroup;
			children = (
				233D37DC2858BA1300390280 /* ReprintTransaction */,
				23F125C227F73B950094876E /* CustomRequest */,
				234449A627DBA89400660FA4 /* Activation POS */,
				15A8BC0723A8E76E000B2731 /* Main.storyboard */,
				B1482D88246D67F6003CF76E /* InterAppTabViewController.swift */,
				15086DCC23B0E85A006E6724 /* InterAppSaleViewController.swift */,
				B1482D86246D64A2003CF76E /* InterAppCancelViewController.swift */,
				B13FD8E023D6F1920046FB52 /* ReceiptViewController.swift */,
				B1BE1325240806DC0072ADE7 /* DetailsViewController.swift */,
				B1299E8224DAD7B300432561 /* SettingsViewController.swift */,
				B17C9A9C25ED2957007BB13F /* BatchManagementViewController.swift */,
				B1CE04BF2600D88100D3CB6C /* ReceiptOptionsViewController.swift */,
			);
			path = Views;
			sourceTree = "<group>";
		};
/* End PBXGroup section */

/* Begin PBXNativeTarget section */
		15A8BBEF23A8E54A000B2731 /* InterAppDemo */ = {
			isa = PBXNativeTarget;
			buildConfigurationList = 15A8BC0423A8E54C000B2731 /* Build configuration list for PBXNativeTarget "InterAppDemo" */;
			buildPhases = (
				9CDD69DC0D573CBBE1889319 /* [CP] Check Pods Manifest.lock */,
				15A8BBEC23A8E54A000B2731 /* Sources */,
				15A8BBED23A8E54A000B2731 /* Frameworks */,
				15A8BBEE23A8E54A000B2731 /* Resources */,
			);
			buildRules = (
			);
			dependencies = (
			);
			name = InterAppDemo;
			productName = InterAppDemo;
			productReference = 15A8BBF023A8E54A000B2731 /* InterAppDemo.app */;
			productType = "com.apple.product-type.application";
		};
/* End PBXNativeTarget section */

/* Begin PBXProject section */
		15A8BBE823A8E54A000B2731 /* Project object */ = {
			isa = PBXProject;
			attributes = {
				LastSwiftUpdateCheck = 1120;
				LastUpgradeCheck = 1240;
				ORGANIZATIONNAME = "Viva Wallet";
				TargetAttributes = {
					15A8BBEF23A8E54A000B2731 = {
						CreatedOnToolsVersion = 11.2.1;
					};
				};
			};
			buildConfigurationList = 15A8BBEB23A8E54A000B2731 /* Build configuration list for PBXProject "InterAppDemo" */;
			compatibilityVersion = "Xcode 9.3";
			developmentRegion = en;
			hasScannedForEncodings = 0;
			knownRegions = (
				en,
				Base,
			);
			mainGroup = 15A8BBE723A8E54A000B2731;
			productRefGroup = 15A8BBF123A8E54A000B2731 /* Products */;
			projectDirPath = "";
			projectRoot = "";
			targets = (
				15A8BBEF23A8E54A000B2731 /* InterAppDemo */,
			);
		};
/* End PBXProject section */

/* Begin PBXResourcesBuildPhase section */
		15A8BBEE23A8E54A000B2731 /* Resources */ = {
			isa = PBXResourcesBuildPhase;
			buildActionMask = 2147483647;
			files = (
				287252802603610E001B8C0D /* exportOptionsUAT.plist in Resources */,
				15A8BC0023A8E54C000B2731 /* LaunchScreen.storyboard in Resources */,
				15A8BBFA23A8E54C000B2731 /* Assets.xcassets in Resources */,
				15A8BC0823A8E76E000B2731 /* Main.storyboard in Resources */,
			);
			runOnlyForDeploymentPostprocessing = 0;
		};
/* End PBXResourcesBuildPhase section */

/* Begin PBXShellScriptBuildPhase section */
		9CDD69DC0D573CBBE1889319 /* [CP] Check Pods Manifest.lock */ = {
			isa = PBXShellScriptBuildPhase;
			buildActionMask = 2147483647;
			files = (
			);
			inputFileListPaths = (
			);
			inputPaths = (
				"${PODS_PODFILE_DIR_PATH}/Podfile.lock",
				"${PODS_ROOT}/Manifest.lock",
			);
			name = "[CP] Check Pods Manifest.lock";
			outputFileListPaths = (
			);
			outputPaths = (
				"$(DERIVED_FILE_DIR)/Pods-InterAppDemo-checkManifestLockResult.txt",
			);
			runOnlyForDeploymentPostprocessing = 0;
			shellPath = /bin/sh;
			shellScript = "diff \"${PODS_PODFILE_DIR_PATH}/Podfile.lock\" \"${PODS_ROOT}/Manifest.lock\" > /dev/null\nif [ $? != 0 ] ; then\n    # print error to STDERR\n    echo \"error: The sandbox is not in sync with the Podfile.lock. Run 'pod install' or update your CocoaPods installation.\" >&2\n    exit 1\nfi\n# This output is used by Xcode 'outputs' to avoid re-running this script phase.\necho \"SUCCESS\" > \"${SCRIPT_OUTPUT_FILE_0}\"\n";
			showEnvVarsInLog = 0;
		};
/* End PBXShellScriptBuildPhase section */

/* Begin PBXSourcesBuildPhase section */
		15A8BBEC23A8E54A000B2731 /* Sources */ = {
			isa = PBXSourcesBuildPhase;
			buildActionMask = 2147483647;
			files = (
				23F125C127F73B560094876E /* CustomRequestViewController.swift in Sources */,
				23F125C627F73E680094876E /* CustomRequestViewModel.swift in Sources */,
				B112EACF2407D45A0064BFF0 /* Extensions.swift in Sources */,
				B1482D87246D64A2003CF76E /* InterAppCancelViewController.swift in Sources */,
				15086DCD23B0E85A006E6724 /* InterAppSaleViewController.swift in Sources */,
				B1299E8324DAD7B300432561 /* SettingsViewController.swift in Sources */,
				B13FD8E123D6F1920046FB52 /* ReceiptViewController.swift in Sources */,
				234449AA27DBA96300660FA4 /* VCExtension.swift in Sources */,
				15A8BBF423A8E54A000B2731 /* AppDelegate.swift in Sources */,
				236D975827DF9D2A0023C83F /* ActivationPOSViewModel.swift in Sources */,
				B1BE1326240806DC0072ADE7 /* DetailsViewController.swift in Sources */,
				B17C9A9D25ED2957007BB13F /* BatchManagementViewController.swift in Sources */,
				233D37DE2858BA3300390280 /* ReprintTransactionView.swift in Sources */,
				234449A827DBA8AF00660FA4 /* ActivationPOSView.swift in Sources */,
				B1482D89246D67F6003CF76E /* InterAppTabViewController.swift in Sources */,
				23F125C427F73BBE0094876E /* CustomRequestView.swift in Sources */,
				B112EACD2407C73B0064BFF0 /* InterAppResponse.swift in Sources */,
				233D37DB2858BA0600390280 /* ReprintTransactionViewController.swift in Sources */,
				234449A527DBA7DC00660FA4 /* ActivationPOSViewController.swift in Sources */,
				B1CE04C02600D88100D3CB6C /* ReceiptOptionsViewController.swift in Sources */,
				236D975627DF9D050023C83F /* ViewExtension.swift in Sources */,
				B1BE13242407ED950072ADE7 /* ReceiptViewModel.swift in Sources */,
				233D37E02858BA6800390280 /* ReprintTransactionViewModel.swift in Sources */,
				B17C9AA125ED2C49007BB13F /* Constants.swift in Sources */,
			);
			runOnlyForDeploymentPostprocessing = 0;
		};
/* End PBXSourcesBuildPhase section */

/* Begin PBXVariantGroup section */
		15A8BBFE23A8E54C000B2731 /* LaunchScreen.storyboard */ = {
			isa = PBXVariantGroup;
			children = (
				15A8BBFF23A8E54C000B2731 /* Base */,
			);
			name = LaunchScreen.storyboard;
			sourceTree = "<group>";
		};
/* End PBXVariantGroup section */

/* Begin XCBuildConfiguration section */
		15A8BC0223A8E54C000B2731 /* Debug */ = {
			isa = XCBuildConfiguration;
			buildSettings = {
				ALWAYS_SEARCH_USER_PATHS = NO;
				CLANG_ANALYZER_NONNULL = YES;
				CLANG_ANALYZER_NUMBER_OBJECT_CONVERSION = YES_AGGRESSIVE;
				CLANG_CXX_LANGUAGE_STANDARD = "gnu++14";
				CLANG_CXX_LIBRARY = "libc++";
				CLANG_ENABLE_MODULES = YES;
				CLANG_ENABLE_OBJC_ARC = YES;
				CLANG_ENABLE_OBJC_WEAK = YES;
				CLANG_WARN_BLOCK_CAPTURE_AUTORELEASING = YES;
				CLANG_WARN_BOOL_CONVERSION = YES;
				CLANG_WARN_COMMA = YES;
				CLANG_WARN_CONSTANT_CONVERSION = YES;
				CLANG_WARN_DEPRECATED_OBJC_IMPLEMENTATIONS = YES;
				CLANG_WARN_DIRECT_OBJC_ISA_USAGE = YES_ERROR;
				CLANG_WARN_DOCUMENTATION_COMMENTS = YES;
				CLANG_WARN_EMPTY_BODY = YES;
				CLANG_WARN_ENUM_CONVERSION = YES;
				CLANG_WARN_INFINITE_RECURSION = YES;
				CLANG_WARN_INT_CONVERSION = YES;
				CLANG_WARN_NON_LITERAL_NULL_CONVERSION = YES;
				CLANG_WARN_OBJC_IMPLICIT_RETAIN_SELF = YES;
				CLANG_WARN_OBJC_LITERAL_CONVERSION = YES;
				CLANG_WARN_OBJC_ROOT_CLASS = YES_ERROR;
				CLANG_WARN_QUOTED_INCLUDE_IN_FRAMEWORK_HEADER = YES;
				CLANG_WARN_RANGE_LOOP_ANALYSIS = YES;
				CLANG_WARN_STRICT_PROTOTYPES = YES;
				CLANG_WARN_SUSPICIOUS_MOVE = YES;
				CLANG_WARN_UNGUARDED_AVAILABILITY = YES_AGGRESSIVE;
				CLANG_WARN_UNREACHABLE_CODE = YES;
				CLANG_WARN__DUPLICATE_METHOD_MATCH = YES;
				COPY_PHASE_STRIP = NO;
				CURRENT_PROJECT_VERSION = 170;
				DEBUG_INFORMATION_FORMAT = dwarf;
				ENABLE_STRICT_OBJC_MSGSEND = YES;
				ENABLE_TESTABILITY = YES;
				GCC_C_LANGUAGE_STANDARD = gnu11;
				GCC_DYNAMIC_NO_PIC = NO;
				GCC_NO_COMMON_BLOCKS = YES;
				GCC_OPTIMIZATION_LEVEL = 0;
				GCC_PREPROCESSOR_DEFINITIONS = (
					"DEBUG=1",
					"$(inherited)",
				);
				GCC_WARN_64_TO_32_BIT_CONVERSION = YES;
				GCC_WARN_ABOUT_RETURN_TYPE = YES_ERROR;
				GCC_WARN_UNDECLARED_SELECTOR = YES;
				GCC_WARN_UNINITIALIZED_AUTOS = YES_AGGRESSIVE;
				GCC_WARN_UNUSED_FUNCTION = YES;
				GCC_WARN_UNUSED_VARIABLE = YES;
				IPHONEOS_DEPLOYMENT_TARGET = 13.2;
				MARKETING_VERSION = 1.14.0;
				MTL_ENABLE_DEBUG_INFO = INCLUDE_SOURCE;
				MTL_FAST_MATH = YES;
				ONLY_ACTIVE_ARCH = YES;
				SDKROOT = iphoneos;
				SWIFT_ACTIVE_COMPILATION_CONDITIONS = DEBUG;
				SWIFT_OPTIMIZATION_LEVEL = "-Onone";
			};
			name = Debug;
		};
		15A8BC0323A8E54C000B2731 /* Release */ = {
			isa = XCBuildConfiguration;
			buildSettings = {
				ALWAYS_SEARCH_USER_PATHS = NO;
				CLANG_ANALYZER_NONNULL = YES;
				CLANG_ANALYZER_NUMBER_OBJECT_CONVERSION = YES_AGGRESSIVE;
				CLANG_CXX_LANGUAGE_STANDARD = "gnu++14";
				CLANG_CXX_LIBRARY = "libc++";
				CLANG_ENABLE_MODULES = YES;
				CLANG_ENABLE_OBJC_ARC = YES;
				CLANG_ENABLE_OBJC_WEAK = YES;
				CLANG_WARN_BLOCK_CAPTURE_AUTORELEASING = YES;
				CLANG_WARN_BOOL_CONVERSION = YES;
				CLANG_WARN_COMMA = YES;
				CLANG_WARN_CONSTANT_CONVERSION = YES;
				CLANG_WARN_DEPRECATED_OBJC_IMPLEMENTATIONS = YES;
				CLANG_WARN_DIRECT_OBJC_ISA_USAGE = YES_ERROR;
				CLANG_WARN_DOCUMENTATION_COMMENTS = YES;
				CLANG_WARN_EMPTY_BODY = YES;
				CLANG_WARN_ENUM_CONVERSION = YES;
				CLANG_WARN_INFINITE_RECURSION = YES;
				CLANG_WARN_INT_CONVERSION = YES;
				CLANG_WARN_NON_LITERAL_NULL_CONVERSION = YES;
				CLANG_WARN_OBJC_IMPLICIT_RETAIN_SELF = YES;
				CLANG_WARN_OBJC_LITERAL_CONVERSION = YES;
				CLANG_WARN_OBJC_ROOT_CLASS = YES_ERROR;
				CLANG_WARN_QUOTED_INCLUDE_IN_FRAMEWORK_HEADER = YES;
				CLANG_WARN_RANGE_LOOP_ANALYSIS = YES;
				CLANG_WARN_STRICT_PROTOTYPES = YES;
				CLANG_WARN_SUSPICIOUS_MOVE = YES;
				CLANG_WARN_UNGUARDED_AVAILABILITY = YES_AGGRESSIVE;
				CLANG_WARN_UNREACHABLE_CODE = YES;
				CLANG_WARN__DUPLICATE_METHOD_MATCH = YES;
				COPY_PHASE_STRIP = NO;
				CURRENT_PROJECT_VERSION = 170;
				DEBUG_INFORMATION_FORMAT = "dwarf-with-dsym";
				ENABLE_NS_ASSERTIONS = NO;
				ENABLE_STRICT_OBJC_MSGSEND = YES;
				GCC_C_LANGUAGE_STANDARD = gnu11;
				GCC_NO_COMMON_BLOCKS = YES;
				GCC_WARN_64_TO_32_BIT_CONVERSION = YES;
				GCC_WARN_ABOUT_RETURN_TYPE = YES_ERROR;
				GCC_WARN_UNDECLARED_SELECTOR = YES;
				GCC_WARN_UNINITIALIZED_AUTOS = YES_AGGRESSIVE;
				GCC_WARN_UNUSED_FUNCTION = YES;
				GCC_WARN_UNUSED_VARIABLE = YES;
				IPHONEOS_DEPLOYMENT_TARGET = 13.2;
				MARKETING_VERSION = 1.14.0;
				MTL_ENABLE_DEBUG_INFO = NO;
				MTL_FAST_MATH = YES;
				SDKROOT = iphoneos;
				SWIFT_COMPILATION_MODE = wholemodule;
				SWIFT_OPTIMIZATION_LEVEL = "-O";
				VALIDATE_PRODUCT = YES;
			};
			name = Release;
		};
		15A8BC0523A8E54C000B2731 /* Debug */ = {
			isa = XCBuildConfiguration;
			baseConfigurationReference = 97608C0AFF835EB10FE8DB5B /* Pods-InterAppDemo.debug.xcconfig */;
			buildSettings = {
				ASSETCATALOG_COMPILER_APPICON_NAME = AppIcon;
				CODE_SIGN_IDENTITY = "Apple Development";
				CODE_SIGN_STYLE = Automatic;
				DEVELOPMENT_TEAM = B9HV73F425;
				ENABLE_PREVIEWS = YES;
				INFOPLIST_FILE = InterAppDemo/Info.plist;
				IPHONEOS_DEPLOYMENT_TARGET = 14.0;
				LD_RUNPATH_SEARCH_PATHS = (
					"$(inherited)",
					"@executable_path/Frameworks",
				);
				PRODUCT_BUNDLE_IDENTIFIER = com.vivawallet.InterAppDemo;
				PRODUCT_NAME = "$(TARGET_NAME)";
				PROVISIONING_PROFILE_SPECIFIER = "";
				SWIFT_VERSION = 5.0;
				TARGETED_DEVICE_FAMILY = 1;
			};
			name = Debug;
		};
		15A8BC0623A8E54C000B2731 /* Release */ = {
			isa = XCBuildConfiguration;
			baseConfigurationReference = 185268231DD594C7FDEDBDE6 /* Pods-InterAppDemo.release.xcconfig */;
			buildSettings = {
				ASSETCATALOG_COMPILER_APPICON_NAME = AppIcon;
				CODE_SIGN_IDENTITY = "Apple Development";
				CODE_SIGN_STYLE = Automatic;
				DEVELOPMENT_TEAM = B9HV73F425;
				ENABLE_PREVIEWS = YES;
				INFOPLIST_FILE = InterAppDemo/Info.plist;
				IPHONEOS_DEPLOYMENT_TARGET = 14.0;
				LD_RUNPATH_SEARCH_PATHS = (
					"$(inherited)",
					"@executable_path/Frameworks",
				);
				PRODUCT_BUNDLE_IDENTIFIER = com.vivawallet.InterAppDemo;
				PRODUCT_NAME = "$(TARGET_NAME)";
				PROVISIONING_PROFILE_SPECIFIER = "";
				SWIFT_VERSION = 5.0;
				TARGETED_DEVICE_FAMILY = 1;
			};
			name = Release;
		};
/* End XCBuildConfiguration section */

/* Begin XCConfigurationList section */
		15A8BBEB23A8E54A000B2731 /* Build configuration list for PBXProject "InterAppDemo" */ = {
			isa = XCConfigurationList;
			buildConfigurations = (
				15A8BC0223A8E54C000B2731 /* Debug */,
				15A8BC0323A8E54C000B2731 /* Release */,
			);
			defaultConfigurationIsVisible = 0;
			defaultConfigurationName = Release;
		};
		15A8BC0423A8E54C000B2731 /* Build configuration list for PBXNativeTarget "InterAppDemo" */ = {
			isa = XCConfigurationList;
			buildConfigurations = (
				15A8BC0523A8E54C000B2731 /* Debug */,
				15A8BC0623A8E54C000B2731 /* Release */,
			);
			defaultConfigurationIsVisible = 0;
			defaultConfigurationName = Release;
		};
/* End XCConfigurationList section */
	};
	rootObject = 15A8BBE823A8E54A000B2731 /* Project object */;
}
